
Microsoft Visual Studio Solution File, Format Version 12.00
Project("{FAE04EC0-301F-11D3-BF4B-00C04F79EFBC}") = "RiderIDE_demo", "RiderIDE_demo\RiderIDE_demo.csproj", "{4BCA4762-5E2A-43D9-99A9-DF23E9E42E43}"
EndProject
Global
	GlobalSection(SolutionConfigurationPlatforms) = preSolution
		Debug|Any CPU = Debug|Any CPU
		Release|Any CPU = Release|Any CPU
	EndGlobalSection
	GlobalSection(ProjectConfigurationPlatforms) = postSolution
		{4BCA4762-5E2A-43D9-99A9-DF23E9E42E43}.Debug|Any CPU.ActiveCfg = Debug|Any CPU
		{4BCA4762-5E2A-43D9-99A9-DF23E9E42E43}.Debug|Any CPU.Build.0 = Debug|Any CPU
		{4BCA4762-5E2A-43D9-99A9-DF23E9E42E43}.Release|Any CPU.ActiveCfg = Release|Any CPU
		{4BCA4762-5E2A-43D9-99A9-DF23E9E42E43}.Release|Any CPU.Build.0 = Release|Any CPU
	EndGlobalSection
	GlobalSection(RiderSharedRunConfigurations) = postSolution
		File = .config\Unnamed.run.xml
	EndGlobalSection
EndGlobal
